
Microsoft Visual Studio Solution File, Format Version 12.00
# Visual Studio 14
VisualStudioVersion = 14.0.25420.1
MinimumVisualStudioVersion = 10.0.40219.1
Project("{FAE04EC0-301F-11D3-BF4B-00C04F79EFBC}") = "Products.Android", "Products\Products.Android\Products.Android.csproj", "{E7A937C4-9E6B-4C81-890E-D6CEBA684FA4}"
EndProject
Project("{FAE04EC0-301F-11D3-BF4B-00C04F79EFBC}") = "Products", "Products\Products\Products.csproj", "{4F61A012-8DA0-46C3-8705-16DC6636DA75}"
EndProject
Project("{FAE04EC0-301F-11D3-BF4B-00C04F79EFBC}") = "Products.UWP", "Products\Products.UWP\Products.UWP.csproj", "{A83FACF9-5FA3-465F-806D-25053B88B145}"
EndProject
Project("{FAE04EC0-301F-11D3-BF4B-00C04F79EFBC}") = "Products.iOS", "Products\Products.iOS\Products.iOS.csproj", "{D765AECC-E3DC-47D2-A5BA-333A8A26FB8D}"
EndProject
Project("{FAE04EC0-301F-11D3-BF4B-00C04F79EFBC}") = "Products.API", "Products.API\Products.API.csproj", "{E43B0874-4BDF-45F1-BEF7-E91B6BF52699}"
EndProject
Project("{FAE04EC0-301F-11D3-BF4B-00C04F79EFBC}") = "Products.Domain", "Products.Domain\Products.Domain.csproj", "{DCC90D0E-952F-4789-86F5-CB96727DF5D5}"
EndProject
Project("{FAE04EC0-301F-11D3-BF4B-00C04F79EFBC}") = "Products.Backend", "Products.Backend\Products.Backend.csproj", "{238E65F7-302D-4AC4-BA59-173B3DE6B035}"
EndProject
Global
	GlobalSection(SolutionConfigurationPlatforms) = preSolution
		Ad-Hoc|Any CPU = Ad-Hoc|Any CPU
		Ad-Hoc|ARM = Ad-Hoc|ARM
		Ad-Hoc|iPhone = Ad-Hoc|iPhone
		Ad-Hoc|iPhoneSimulator = Ad-Hoc|iPhoneSimulator
		Ad-Hoc|x64 = Ad-Hoc|x64
		Ad-Hoc|x86 = Ad-Hoc|x86
		AppStore|Any CPU = AppStore|Any CPU
		AppStore|ARM = AppStore|ARM
		AppStore|iPhone = AppStore|iPhone
		AppStore|iPhoneSimulator = AppStore|iPhoneSimulator
		AppStore|x64 = AppStore|x64
		AppStore|x86 = AppStore|x86
		Debug|Any CPU = Debug|Any CPU
		Debug|ARM = Debug|ARM
		Debug|iPhone = Debug|iPhone
		Debug|iPhoneSimulator = Debug|iPhoneSimulator
		Debug|x64 = Debug|x64
		Debug|x86 = Debug|x86
		Release|Any CPU = Release|Any CPU
		Release|ARM = Release|ARM
		Release|iPhone = Release|iPhone
		Release|iPhoneSimulator = Release|iPhoneSimulator
		Release|x64 = Release|x64
		Release|x86 = Release|x86
	EndGlobalSection
	GlobalSection(ProjectConfigurationPlatforms) = postSolution
		{E7A937C4-9E6B-4C81-890E-D6CEBA684FA4}.Ad-Hoc|Any CPU.ActiveCfg = Release|Any CPU
		{E7A937C4-9E6B-4C81-890E-D6CEBA684FA4}.Ad-Hoc|Any CPU.Build.0 = Release|Any CPU
		{E7A937C4-9E6B-4C81-890E-D6CEBA684FA4}.Ad-Hoc|Any CPU.Deploy.0 = Release|Any CPU
		{E7A937C4-9E6B-4C81-890E-D6CEBA684FA4}.Ad-Hoc|ARM.ActiveCfg = Release|Any CPU
		{E7A937C4-9E6B-4C81-890E-D6CEBA684FA4}.Ad-Hoc|ARM.Build.0 = Release|Any CPU
		{E7A937C4-9E6B-4C81-890E-D6CEBA684FA4}.Ad-Hoc|ARM.Deploy.0 = Release|Any CPU
		{E7A937C4-9E6B-4C81-890E-D6CEBA684FA4}.Ad-Hoc|iPhone.ActiveCfg = Release|Any CPU
		{E7A937C4-9E6B-4C81-890E-D6CEBA684FA4}.Ad-Hoc|iPhone.Build.0 = Release|Any CPU
		{E7A937C4-9E6B-4C81-890E-D6CEBA684FA4}.Ad-Hoc|iPhone.Deploy.0 = Release|Any CPU
		{E7A937C4-9E6B-4C81-890E-D6CEBA684FA4}.Ad-Hoc|iPhoneSimulator.ActiveCfg = Release|Any CPU
		{E7A937C4-9E6B-4C81-890E-D6CEBA684FA4}.Ad-Hoc|iPhoneSimulator.Build.0 = Release|Any CPU
		{E7A937C4-9E6B-4C81-890E-D6CEBA684FA4}.Ad-Hoc|iPhoneSimulator.Deploy.0 = Release|Any CPU
		{E7A937C4-9E6B-4C81-890E-D6CEBA684FA4}.Ad-Hoc|x64.ActiveCfg = Release|Any CPU
		{E7A937C4-9E6B-4C81-890E-D6CEBA684FA4}.Ad-Hoc|x64.Build.0 = Release|Any CPU
		{E7A937C4-9E6B-4C81-890E-D6CEBA684FA4}.Ad-Hoc|x64.Deploy.0 = Release|Any CPU
		{E7A937C4-9E6B-4C81-890E-D6CEBA684FA4}.Ad-Hoc|x86.ActiveCfg = Release|Any CPU
		{E7A937C4-9E6B-4C81-890E-D6CEBA684FA4}.Ad-Hoc|x86.Build.0 = Release|Any CPU
		{E7A937C4-9E6B-4C81-890E-D6CEBA684FA4}.Ad-Hoc|x86.Deploy.0 = Release|Any CPU
		{E7A937C4-9E6B-4C81-890E-D6CEBA684FA4}.AppStore|Any CPU.ActiveCfg = Release|Any CPU
		{E7A937C4-9E6B-4C81-890E-D6CEBA684FA4}.AppStore|Any CPU.Build.0 = Release|Any CPU
		{E7A937C4-9E6B-4C81-890E-D6CEBA684FA4}.AppStore|Any CPU.Deploy.0 = Release|Any CPU
		{E7A937C4-9E6B-4C81-890E-D6CEBA684FA4}.AppStore|ARM.ActiveCfg = Release|Any CPU
		{E7A937C4-9E6B-4C81-890E-D6CEBA684FA4}.AppStore|ARM.Build.0 = Release|Any CPU
		{E7A937C4-9E6B-4C81-890E-D6CEBA684FA4}.AppStore|ARM.Deploy.0 = Release|Any CPU
		{E7A937C4-9E6B-4C81-890E-D6CEBA684FA4}.AppStore|iPhone.ActiveCfg = Release|Any CPU
		{E7A937C4-9E6B-4C81-890E-D6CEBA684FA4}.AppStore|iPhone.Build.0 = Release|Any CPU
		{E7A937C4-9E6B-4C81-890E-D6CEBA684FA4}.AppStore|iPhone.Deploy.0 = Release|Any CPU
		{E7A937C4-9E6B-4C81-890E-D6CEBA684FA4}.AppStore|iPhoneSimulator.ActiveCfg = Release|Any CPU
		{E7A937C4-9E6B-4C81-890E-D6CEBA684FA4}.AppStore|iPhoneSimulator.Build.0 = Release|Any CPU
		{E7A937C4-9E6B-4C81-890E-D6CEBA684FA4}.AppStore|iPhoneSimulator.Deploy.0 = Release|Any CPU
		{E7A937C4-9E6B-4C81-890E-D6CEBA684FA4}.AppStore|x64.ActiveCfg = Release|Any CPU
		{E7A937C4-9E6B-4C81-890E-D6CEBA684FA4}.AppStore|x64.Build.0 = Release|Any CPU
		{E7A937C4-9E6B-4C81-890E-D6CEBA684FA4}.AppStore|x64.Deploy.0 = Release|Any CPU
		{E7A937C4-9E6B-4C81-890E-D6CEBA684FA4}.AppStore|x86.ActiveCfg = Release|Any CPU
		{E7A937C4-9E6B-4C81-890E-D6CEBA684FA4}.AppStore|x86.Build.0 = Release|Any CPU
		{E7A937C4-9E6B-4C81-890E-D6CEBA684FA4}.AppStore|x86.Deploy.0 = Release|Any CPU
		{E7A937C4-9E6B-4C81-890E-D6CEBA684FA4}.Debug|Any CPU.ActiveCfg = Debug|Any CPU
		{E7A937C4-9E6B-4C81-890E-D6CEBA684FA4}.Debug|Any CPU.Build.0 = Debug|Any CPU
		{E7A937C4-9E6B-4C81-890E-D6CEBA684FA4}.Debug|Any CPU.Deploy.0 = Debug|Any CPU
		{E7A937C4-9E6B-4C81-890E-D6CEBA684FA4}.Debug|ARM.ActiveCfg = Debug|Any CPU
		{E7A937C4-9E6B-4C81-890E-D6CEBA684FA4}.Debug|ARM.Build.0 = Debug|Any CPU
		{E7A937C4-9E6B-4C81-890E-D6CEBA684FA4}.Debug|ARM.Deploy.0 = Debug|Any CPU
		{E7A937C4-9E6B-4C81-890E-D6CEBA684FA4}.Debug|iPhone.ActiveCfg = Debug|Any CPU
		{E7A937C4-9E6B-4C81-890E-D6CEBA684FA4}.Debug|iPhone.Build.0 = Debug|Any CPU
		{E7A937C4-9E6B-4C81-890E-D6CEBA684FA4}.Debug|iPhone.Deploy.0 = Debug|Any CPU
		{E7A937C4-9E6B-4C81-890E-D6CEBA684FA4}.Debug|iPhoneSimulator.ActiveCfg = Debug|Any CPU
		{E7A937C4-9E6B-4C81-890E-D6CEBA684FA4}.Debug|iPhoneSimulator.Build.0 = Debug|Any CPU
		{E7A937C4-9E6B-4C81-890E-D6CEBA684FA4}.Debug|iPhoneSimulator.Deploy.0 = Debug|Any CPU
		{E7A937C4-9E6B-4C81-890E-D6CEBA684FA4}.Debug|x64.ActiveCfg = Debug|Any CPU
		{E7A937C4-9E6B-4C81-890E-D6CEBA684FA4}.Debug|x64.Build.0 = Debug|Any CPU
		{E7A937C4-9E6B-4C81-890E-D6CEBA684FA4}.Debug|x64.Deploy.0 = Debug|Any CPU
		{E7A937C4-9E6B-4C81-890E-D6CEBA684FA4}.Debug|x86.ActiveCfg = Debug|Any CPU
		{E7A937C4-9E6B-4C81-890E-D6CEBA684FA4}.Debug|x86.Build.0 = Debug|Any CPU
		{E7A937C4-9E6B-4C81-890E-D6CEBA684FA4}.Debug|x86.Deploy.0 = Debug|Any CPU
		{E7A937C4-9E6B-4C81-890E-D6CEBA684FA4}.Release|Any CPU.ActiveCfg = Release|Any CPU
		{E7A937C4-9E6B-4C81-890E-D6CEBA684FA4}.Release|Any CPU.Build.0 = Release|Any CPU
		{E7A937C4-9E6B-4C81-890E-D6CEBA684FA4}.Release|Any CPU.Deploy.0 = Release|Any CPU
		{E7A937C4-9E6B-4C81-890E-D6CEBA684FA4}.Release|ARM.ActiveCfg = Release|Any CPU
		{E7A937C4-9E6B-4C81-890E-D6CEBA684FA4}.Release|ARM.Build.0 = Release|Any CPU
		{E7A937C4-9E6B-4C81-890E-D6CEBA684FA4}.Release|ARM.Deploy.0 = Release|Any CPU
		{E7A937C4-9E6B-4C81-890E-D6CEBA684FA4}.Release|iPhone.ActiveCfg = Release|Any CPU
		{E7A937C4-9E6B-4C81-890E-D6CEBA684FA4}.Release|iPhone.Build.0 = Release|Any CPU
		{E7A937C4-9E6B-4C81-890E-D6CEBA684FA4}.Release|iPhone.Deploy.0 = Release|Any CPU
		{E7A937C4-9E6B-4C81-890E-D6CEBA684FA4}.Release|iPhoneSimulator.ActiveCfg = Release|Any CPU
		{E7A937C4-9E6B-4C81-890E-D6CEBA684FA4}.Release|iPhoneSimulator.Build.0 = Release|Any CPU
		{E7A937C4-9E6B-4C81-890E-D6CEBA684FA4}.Release|iPhoneSimulator.Deploy.0 = Release|Any CPU
		{E7A937C4-9E6B-4C81-890E-D6CEBA684FA4}.Release|x64.ActiveCfg = Release|Any CPU
		{E7A937C4-9E6B-4C81-890E-D6CEBA684FA4}.Release|x64.Build.0 = Release|Any CPU
		{E7A937C4-9E6B-4C81-890E-D6CEBA684FA4}.Release|x64.Deploy.0 = Release|Any CPU
		{E7A937C4-9E6B-4C81-890E-D6CEBA684FA4}.Release|x86.ActiveCfg = Release|Any CPU
		{E7A937C4-9E6B-4C81-890E-D6CEBA684FA4}.Release|x86.Build.0 = Release|Any CPU
		{E7A937C4-9E6B-4C81-890E-D6CEBA684FA4}.Release|x86.Deploy.0 = Release|Any CPU
		{4F61A012-8DA0-46C3-8705-16DC6636DA75}.Ad-Hoc|Any CPU.ActiveCfg = Release|Any CPU
		{4F61A012-8DA0-46C3-8705-16DC6636DA75}.Ad-Hoc|Any CPU.Build.0 = Release|Any CPU
		{4F61A012-8DA0-46C3-8705-16DC6636DA75}.Ad-Hoc|ARM.ActiveCfg = Release|Any CPU
		{4F61A012-8DA0-46C3-8705-16DC6636DA75}.Ad-Hoc|ARM.Build.0 = Release|Any CPU
		{4F61A012-8DA0-46C3-8705-16DC6636DA75}.Ad-Hoc|iPhone.ActiveCfg = Release|Any CPU
		{4F61A012-8DA0-46C3-8705-16DC6636DA75}.Ad-Hoc|iPhone.Build.0 = Release|Any CPU
		{4F61A012-8DA0-46C3-8705-16DC6636DA75}.Ad-Hoc|iPhoneSimulator.ActiveCfg = Release|Any CPU
		{4F61A012-8DA0-46C3-8705-16DC6636DA75}.Ad-Hoc|iPhoneSimulator.Build.0 = Release|Any CPU
		{4F61A012-8DA0-46C3-8705-16DC6636DA75}.Ad-Hoc|x64.ActiveCfg = Release|Any CPU
		{4F61A012-8DA0-46C3-8705-16DC6636DA75}.Ad-Hoc|x64.Build.0 = Release|Any CPU
		{4F61A012-8DA0-46C3-8705-16DC6636DA75}.Ad-Hoc|x86.ActiveCfg = Release|Any CPU
		{4F61A012-8DA0-46C3-8705-16DC6636DA75}.Ad-Hoc|x86.Build.0 = Release|Any CPU
		{4F61A012-8DA0-46C3-8705-16DC6636DA75}.AppStore|Any CPU.ActiveCfg = Release|Any CPU
		{4F61A012-8DA0-46C3-8705-16DC6636DA75}.AppStore|Any CPU.Build.0 = Release|Any CPU
		{4F61A012-8DA0-46C3-8705-16DC6636DA75}.AppStore|ARM.ActiveCfg = Release|Any CPU
		{4F61A012-8DA0-46C3-8705-16DC6636DA75}.AppStore|ARM.Build.0 = Release|Any CPU
		{4F61A012-8DA0-46C3-8705-16DC6636DA75}.AppStore|iPhone.ActiveCfg = Release|Any CPU
		{4F61A012-8DA0-46C3-8705-16DC6636DA75}.AppStore|iPhone.Build.0 = Release|Any CPU
		{4F61A012-8DA0-46C3-8705-16DC6636DA75}.AppStore|iPhoneSimulator.ActiveCfg = Release|Any CPU
		{4F61A012-8DA0-46C3-8705-16DC6636DA75}.AppStore|iPhoneSimulator.Build.0 = Release|Any CPU
		{4F61A012-8DA0-46C3-8705-16DC6636DA75}.AppStore|x64.ActiveCfg = Release|Any CPU
		{4F61A012-8DA0-46C3-8705-16DC6636DA75}.AppStore|x64.Build.0 = Release|Any CPU
		{4F61A012-8DA0-46C3-8705-16DC6636DA75}.AppStore|x86.ActiveCfg = Release|Any CPU
		{4F61A012-8DA0-46C3-8705-16DC6636DA75}.AppStore|x86.Build.0 = Release|Any CPU
		{4F61A012-8DA0-46C3-8705-16DC6636DA75}.Debug|Any CPU.ActiveCfg = Debug|Any CPU
		{4F61A012-8DA0-46C3-8705-16DC6636DA75}.Debug|Any CPU.Build.0 = Debug|Any CPU
		{4F61A012-8DA0-46C3-8705-16DC6636DA75}.Debug|ARM.ActiveCfg = Debug|Any CPU
		{4F61A012-8DA0-46C3-8705-16DC6636DA75}.Debug|ARM.Build.0 = Debug|Any CPU
		{4F61A012-8DA0-46C3-8705-16DC6636DA75}.Debug|iPhone.ActiveCfg = Debug|Any CPU
		{4F61A012-8DA0-46C3-8705-16DC6636DA75}.Debug|iPhone.Build.0 = Debug|Any CPU
		{4F61A012-8DA0-46C3-8705-16DC6636DA75}.Debug|iPhoneSimulator.ActiveCfg = Debug|Any CPU
		{4F61A012-8DA0-46C3-8705-16DC6636DA75}.Debug|iPhoneSimulator.Build.0 = Debug|Any CPU
		{4F61A012-8DA0-46C3-8705-16DC6636DA75}.Debug|x64.ActiveCfg = Debug|Any CPU
		{4F61A012-8DA0-46C3-8705-16DC6636DA75}.Debug|x64.Build.0 = Debug|Any CPU
		{4F61A012-8DA0-46C3-8705-16DC6636DA75}.Debug|x86.ActiveCfg = Debug|Any CPU
		{4F61A012-8DA0-46C3-8705-16DC6636DA75}.Debug|x86.Build.0 = Debug|Any CPU
		{4F61A012-8DA0-46C3-8705-16DC6636DA75}.Release|Any CPU.ActiveCfg = Release|Any CPU
		{4F61A012-8DA0-46C3-8705-16DC6636DA75}.Release|Any CPU.Build.0 = Release|Any CPU
		{4F61A012-8DA0-46C3-8705-16DC6636DA75}.Release|ARM.ActiveCfg = Release|Any CPU
		{4F61A012-8DA0-46C3-8705-16DC6636DA75}.Release|ARM.Build.0 = Release|Any CPU
		{4F61A012-8DA0-46C3-8705-16DC6636DA75}.Release|iPhone.ActiveCfg = Release|Any CPU
		{4F61A012-8DA0-46C3-8705-16DC6636DA75}.Release|iPhone.Build.0 = Release|Any CPU
		{4F61A012-8DA0-46C3-8705-16DC6636DA75}.Release|iPhoneSimulator.ActiveCfg = Release|Any CPU
		{4F61A012-8DA0-46C3-8705-16DC6636DA75}.Release|iPhoneSimulator.Build.0 = Release|Any CPU
		{4F61A012-8DA0-46C3-8705-16DC6636DA75}.Release|x64.ActiveCfg = Release|Any CPU
		{4F61A012-8DA0-46C3-8705-16DC6636DA75}.Release|x64.Build.0 = Release|Any CPU
		{4F61A012-8DA0-46C3-8705-16DC6636DA75}.Release|x86.ActiveCfg = Release|Any CPU
		{4F61A012-8DA0-46C3-8705-16DC6636DA75}.Release|x86.Build.0 = Release|Any CPU
		{A83FACF9-5FA3-465F-806D-25053B88B145}.Ad-Hoc|Any CPU.ActiveCfg = Release|x86
		{A83FACF9-5FA3-465F-806D-25053B88B145}.Ad-Hoc|Any CPU.Build.0 = Release|x86
		{A83FACF9-5FA3-465F-806D-25053B88B145}.Ad-Hoc|Any CPU.Deploy.0 = Release|x86
		{A83FACF9-5FA3-465F-806D-25053B88B145}.Ad-Hoc|ARM.ActiveCfg = Release|ARM
		{A83FACF9-5FA3-465F-806D-25053B88B145}.Ad-Hoc|ARM.Build.0 = Release|ARM
		{A83FACF9-5FA3-465F-806D-25053B88B145}.Ad-Hoc|ARM.Deploy.0 = Release|ARM
		{A83FACF9-5FA3-465F-806D-25053B88B145}.Ad-Hoc|iPhone.ActiveCfg = Release|x86
		{A83FACF9-5FA3-465F-806D-25053B88B145}.Ad-Hoc|iPhone.Build.0 = Release|x86
		{A83FACF9-5FA3-465F-806D-25053B88B145}.Ad-Hoc|iPhone.Deploy.0 = Release|x86
		{A83FACF9-5FA3-465F-806D-25053B88B145}.Ad-Hoc|iPhoneSimulator.ActiveCfg = Release|x86
		{A83FACF9-5FA3-465F-806D-25053B88B145}.Ad-Hoc|iPhoneSimulator.Build.0 = Release|x86
		{A83FACF9-5FA3-465F-806D-25053B88B145}.Ad-Hoc|iPhoneSimulator.Deploy.0 = Release|x86
		{A83FACF9-5FA3-465F-806D-25053B88B145}.Ad-Hoc|x64.ActiveCfg = Release|x64
		{A83FACF9-5FA3-465F-806D-25053B88B145}.Ad-Hoc|x64.Build.0 = Release|x64
		{A83FACF9-5FA3-465F-806D-25053B88B145}.Ad-Hoc|x64.Deploy.0 = Release|x64
		{A83FACF9-5FA3-465F-806D-25053B88B145}.Ad-Hoc|x86.ActiveCfg = Release|x86
		{A83FACF9-5FA3-465F-806D-25053B88B145}.Ad-Hoc|x86.Build.0 = Release|x86
		{A83FACF9-5FA3-465F-806D-25053B88B145}.Ad-Hoc|x86.Deploy.0 = Release|x86
		{A83FACF9-5FA3-465F-806D-25053B88B145}.AppStore|Any CPU.ActiveCfg = Release|x86
		{A83FACF9-5FA3-465F-806D-25053B88B145}.AppStore|Any CPU.Build.0 = Release|x86
		{A83FACF9-5FA3-465F-806D-25053B88B145}.AppStore|Any CPU.Deploy.0 = Release|x86
		{A83FACF9-5FA3-465F-806D-25053B88B145}.AppStore|ARM.ActiveCfg = Release|ARM
		{A83FACF9-5FA3-465F-806D-25053B88B145}.AppStore|ARM.Build.0 = Release|ARM
		{A83FACF9-5FA3-465F-806D-25053B88B145}.AppStore|ARM.Deploy.0 = Release|ARM
		{A83FACF9-5FA3-465F-806D-25053B88B145}.AppStore|iPhone.ActiveCfg = Release|x86
		{A83FACF9-5FA3-465F-806D-25053B88B145}.AppStore|iPhone.Build.0 = Release|x86
		{A83FACF9-5FA3-465F-806D-25053B88B145}.AppStore|iPhone.Deploy.0 = Release|x86
		{A83FACF9-5FA3-465F-806D-25053B88B145}.AppStore|iPhoneSimulator.ActiveCfg = Release|x86
		{A83FACF9-5FA3-465F-806D-25053B88B145}.AppStore|iPhoneSimulator.Build.0 = Release|x86
		{A83FACF9-5FA3-465F-806D-25053B88B145}.AppStore|iPhoneSimulator.Deploy.0 = Release|x86
		{A83FACF9-5FA3-465F-806D-25053B88B145}.AppStore|x64.ActiveCfg = Release|x64
		{A83FACF9-5FA3-465F-806D-25053B88B145}.AppStore|x64.Build.0 = Release|x64
		{A83FACF9-5FA3-465F-806D-25053B88B145}.AppStore|x64.Deploy.0 = Release|x64
		{A83FACF9-5FA3-465F-806D-25053B88B145}.AppStore|x86.ActiveCfg = Release|x86
		{A83FACF9-5FA3-465F-806D-25053B88B145}.AppStore|x86.Build.0 = Release|x86
		{A83FACF9-5FA3-465F-806D-25053B88B145}.AppStore|x86.Deploy.0 = Release|x86
		{A83FACF9-5FA3-465F-806D-25053B88B145}.Debug|Any CPU.ActiveCfg = Debug|x86
		{A83FACF9-5FA3-465F-806D-25053B88B145}.Debug|ARM.ActiveCfg = Debug|ARM
		{A83FACF9-5FA3-465F-806D-25053B88B145}.Debug|ARM.Build.0 = Debug|ARM
		{A83FACF9-5FA3-465F-806D-25053B88B145}.Debug|ARM.Deploy.0 = Debug|ARM
		{A83FACF9-5FA3-465F-806D-25053B88B145}.Debug|iPhone.ActiveCfg = Debug|x86
		{A83FACF9-5FA3-465F-806D-25053B88B145}.Debug|iPhoneSimulator.ActiveCfg = Debug|x86
		{A83FACF9-5FA3-465F-806D-25053B88B145}.Debug|x64.ActiveCfg = Debug|x64
		{A83FACF9-5FA3-465F-806D-25053B88B145}.Debug|x64.Build.0 = Debug|x64
		{A83FACF9-5FA3-465F-806D-25053B88B145}.Debug|x64.Deploy.0 = Debug|x64
		{A83FACF9-5FA3-465F-806D-25053B88B145}.Debug|x86.ActiveCfg = Debug|x86
		{A83FACF9-5FA3-465F-806D-25053B88B145}.Debug|x86.Build.0 = Debug|x86
		{A83FACF9-5FA3-465F-806D-25053B88B145}.Debug|x86.Deploy.0 = Debug|x86
		{A83FACF9-5FA3-465F-806D-25053B88B145}.Release|Any CPU.ActiveCfg = Release|x86
		{A83FACF9-5FA3-465F-806D-25053B88B145}.Release|ARM.ActiveCfg = Release|ARM
		{A83FACF9-5FA3-465F-806D-25053B88B145}.Release|ARM.Build.0 = Release|ARM
		{A83FACF9-5FA3-465F-806D-25053B88B145}.Release|ARM.Deploy.0 = Release|ARM
		{A83FACF9-5FA3-465F-806D-25053B88B145}.Release|iPhone.ActiveCfg = Release|x86
		{A83FACF9-5FA3-465F-806D-25053B88B145}.Release|iPhoneSimulator.ActiveCfg = Release|x86
		{A83FACF9-5FA3-465F-806D-25053B88B145}.Release|x64.ActiveCfg = Release|x64
		{A83FACF9-5FA3-465F-806D-25053B88B145}.Release|x64.Build.0 = Release|x64
		{A83FACF9-5FA3-465F-806D-25053B88B145}.Release|x64.Deploy.0 = Release|x64
		{A83FACF9-5FA3-465F-806D-25053B88B145}.Release|x86.ActiveCfg = Release|x86
		{A83FACF9-5FA3-465F-806D-25053B88B145}.Release|x86.Build.0 = Release|x86
		{A83FACF9-5FA3-465F-806D-25053B88B145}.Release|x86.Deploy.0 = Release|x86
		{D765AECC-E3DC-47D2-A5BA-333A8A26FB8D}.Ad-Hoc|Any CPU.ActiveCfg = Ad-Hoc|iPhone
		{D765AECC-E3DC-47D2-A5BA-333A8A26FB8D}.Ad-Hoc|ARM.ActiveCfg = Ad-Hoc|iPhone
		{D765AECC-E3DC-47D2-A5BA-333A8A26FB8D}.Ad-Hoc|iPhone.ActiveCfg = Ad-Hoc|iPhone
		{D765AECC-E3DC-47D2-A5BA-333A8A26FB8D}.Ad-Hoc|iPhone.Build.0 = Ad-Hoc|iPhone
		{D765AECC-E3DC-47D2-A5BA-333A8A26FB8D}.Ad-Hoc|iPhoneSimulator.ActiveCfg = Ad-Hoc|iPhoneSimulator
		{D765AECC-E3DC-47D2-A5BA-333A8A26FB8D}.Ad-Hoc|iPhoneSimulator.Build.0 = Ad-Hoc|iPhoneSimulator
		{D765AECC-E3DC-47D2-A5BA-333A8A26FB8D}.Ad-Hoc|x64.ActiveCfg = Ad-Hoc|iPhone
		{D765AECC-E3DC-47D2-A5BA-333A8A26FB8D}.Ad-Hoc|x86.ActiveCfg = Ad-Hoc|iPhone
		{D765AECC-E3DC-47D2-A5BA-333A8A26FB8D}.AppStore|Any CPU.ActiveCfg = AppStore|iPhone
		{D765AECC-E3DC-47D2-A5BA-333A8A26FB8D}.AppStore|ARM.ActiveCfg = AppStore|iPhone
		{D765AECC-E3DC-47D2-A5BA-333A8A26FB8D}.AppStore|iPhone.ActiveCfg = AppStore|iPhone
		{D765AECC-E3DC-47D2-A5BA-333A8A26FB8D}.AppStore|iPhone.Build.0 = AppStore|iPhone
		{D765AECC-E3DC-47D2-A5BA-333A8A26FB8D}.AppStore|iPhoneSimulator.ActiveCfg = AppStore|iPhoneSimulator
		{D765AECC-E3DC-47D2-A5BA-333A8A26FB8D}.AppStore|iPhoneSimulator.Build.0 = AppStore|iPhoneSimulator
		{D765AECC-E3DC-47D2-A5BA-333A8A26FB8D}.AppStore|x64.ActiveCfg = AppStore|iPhone
		{D765AECC-E3DC-47D2-A5BA-333A8A26FB8D}.AppStore|x86.ActiveCfg = AppStore|iPhone
		{D765AECC-E3DC-47D2-A5BA-333A8A26FB8D}.Debug|Any CPU.ActiveCfg = Debug|iPhone
		{D765AECC-E3DC-47D2-A5BA-333A8A26FB8D}.Debug|ARM.ActiveCfg = Debug|iPhone
		{D765AECC-E3DC-47D2-A5BA-333A8A26FB8D}.Debug|iPhone.ActiveCfg = Debug|iPhone
		{D765AECC-E3DC-47D2-A5BA-333A8A26FB8D}.Debug|iPhone.Build.0 = Debug|iPhone
		{D765AECC-E3DC-47D2-A5BA-333A8A26FB8D}.Debug|iPhoneSimulator.ActiveCfg = Debug|iPhoneSimulator
		{D765AECC-E3DC-47D2-A5BA-333A8A26FB8D}.Debug|iPhoneSimulator.Build.0 = Debug|iPhoneSimulator
		{D765AECC-E3DC-47D2-A5BA-333A8A26FB8D}.Debug|x64.ActiveCfg = Debug|iPhone
		{D765AECC-E3DC-47D2-A5BA-333A8A26FB8D}.Debug|x86.ActiveCfg = Debug|iPhone
		{D765AECC-E3DC-47D2-A5BA-333A8A26FB8D}.Release|Any CPU.ActiveCfg = Release|iPhone
		{D765AECC-E3DC-47D2-A5BA-333A8A26FB8D}.Release|ARM.ActiveCfg = Release|iPhone
		{D765AECC-E3DC-47D2-A5BA-333A8A26FB8D}.Release|iPhone.ActiveCfg = Release|iPhone
		{D765AECC-E3DC-47D2-A5BA-333A8A26FB8D}.Release|iPhone.Build.0 = Release|iPhone
		{D765AECC-E3DC-47D2-A5BA-333A8A26FB8D}.Release|iPhoneSimulator.ActiveCfg = Release|iPhoneSimulator
		{D765AECC-E3DC-47D2-A5BA-333A8A26FB8D}.Release|iPhoneSimulator.Build.0 = Release|iPhoneSimulator
		{D765AECC-E3DC-47D2-A5BA-333A8A26FB8D}.Release|x64.ActiveCfg = Release|iPhone
		{D765AECC-E3DC-47D2-A5BA-333A8A26FB8D}.Release|x86.ActiveCfg = Release|iPhone
		{E43B0874-4BDF-45F1-BEF7-E91B6BF52699}.Ad-Hoc|Any CPU.ActiveCfg = Release|Any CPU
		{E43B0874-4BDF-45F1-BEF7-E91B6BF52699}.Ad-Hoc|Any CPU.Build.0 = Release|Any CPU
		{E43B0874-4BDF-45F1-BEF7-E91B6BF52699}.Ad-Hoc|ARM.ActiveCfg = Release|Any CPU
		{E43B0874-4BDF-45F1-BEF7-E91B6BF52699}.Ad-Hoc|ARM.Build.0 = Release|Any CPU
		{E43B0874-4BDF-45F1-BEF7-E91B6BF52699}.Ad-Hoc|iPhone.ActiveCfg = Release|Any CPU
		{E43B0874-4BDF-45F1-BEF7-E91B6BF52699}.Ad-Hoc|iPhone.Build.0 = Release|Any CPU
		{E43B0874-4BDF-45F1-BEF7-E91B6BF52699}.Ad-Hoc|iPhoneSimulator.ActiveCfg = Release|Any CPU
		{E43B0874-4BDF-45F1-BEF7-E91B6BF52699}.Ad-Hoc|iPhoneSimulator.Build.0 = Release|Any CPU
		{E43B0874-4BDF-45F1-BEF7-E91B6BF52699}.Ad-Hoc|x64.ActiveCfg = Release|Any CPU
		{E43B0874-4BDF-45F1-BEF7-E91B6BF52699}.Ad-Hoc|x64.Build.0 = Release|Any CPU
		{E43B0874-4BDF-45F1-BEF7-E91B6BF52699}.Ad-Hoc|x86.ActiveCfg = Release|Any CPU
		{E43B0874-4BDF-45F1-BEF7-E91B6BF52699}.Ad-Hoc|x86.Build.0 = Release|Any CPU
		{E43B0874-4BDF-45F1-BEF7-E91B6BF52699}.AppStore|Any CPU.ActiveCfg = Release|Any CPU
		{E43B0874-4BDF-45F1-BEF7-E91B6BF52699}.AppStore|Any CPU.Build.0 = Release|Any CPU
		{E43B0874-4BDF-45F1-BEF7-E91B6BF52699}.AppStore|ARM.ActiveCfg = Release|Any CPU
		{E43B0874-4BDF-45F1-BEF7-E91B6BF52699}.AppStore|ARM.Build.0 = Release|Any CPU
		{E43B0874-4BDF-45F1-BEF7-E91B6BF52699}.AppStore|iPhone.ActiveCfg = Release|Any CPU
		{E43B0874-4BDF-45F1-BEF7-E91B6BF52699}.AppStore|iPhone.Build.0 = Release|Any CPU
		{E43B0874-4BDF-45F1-BEF7-E91B6BF52699}.AppStore|iPhoneSimulator.ActiveCfg = Release|Any CPU
		{E43B0874-4BDF-45F1-BEF7-E91B6BF52699}.AppStore|iPhoneSimulator.Build.0 = Release|Any CPU
		{E43B0874-4BDF-45F1-BEF7-E91B6BF52699}.AppStore|x64.ActiveCfg = Release|Any CPU
		{E43B0874-4BDF-45F1-BEF7-E91B6BF52699}.AppStore|x64.Build.0 = Release|Any CPU
		{E43B0874-4BDF-45F1-BEF7-E91B6BF52699}.AppStore|x86.ActiveCfg = Release|Any CPU
		{E43B0874-4BDF-45F1-BEF7-E91B6BF52699}.AppStore|x86.Build.0 = Release|Any CPU
		{E43B0874-4BDF-45F1-BEF7-E91B6BF52699}.Debug|Any CPU.ActiveCfg = Debug|Any CPU
		{E43B0874-4BDF-45F1-BEF7-E91B6BF52699}.Debug|Any CPU.Build.0 = Debug|Any CPU
		{E43B0874-4BDF-45F1-BEF7-E91B6BF52699}.Debug|ARM.ActiveCfg = Debug|Any CPU
		{E43B0874-4BDF-45F1-BEF7-E91B6BF52699}.Debug|ARM.Build.0 = Debug|Any CPU
		{E43B0874-4BDF-45F1-BEF7-E91B6BF52699}.Debug|iPhone.ActiveCfg = Debug|Any CPU
		{E43B0874-4BDF-45F1-BEF7-E91B6BF52699}.Debug|iPhone.Build.0 = Debug|Any CPU
		{E43B0874-4BDF-45F1-BEF7-E91B6BF52699}.Debug|iPhoneSimulator.ActiveCfg = Debug|Any CPU
		{E43B0874-4BDF-45F1-BEF7-E91B6BF52699}.Debug|iPhoneSimulator.Build.0 = Debug|Any CPU
		{E43B0874-4BDF-45F1-BEF7-E91B6BF52699}.Debug|x64.ActiveCfg = Debug|Any CPU
		{E43B0874-4BDF-45F1-BEF7-E91B6BF52699}.Debug|x64.Build.0 = Debug|Any CPU
		{E43B0874-4BDF-45F1-BEF7-E91B6BF52699}.Debug|x86.ActiveCfg = Debug|Any CPU
		{E43B0874-4BDF-45F1-BEF7-E91B6BF52699}.Debug|x86.Build.0 = Debug|Any CPU
		{E43B0874-4BDF-45F1-BEF7-E91B6BF52699}.Release|Any CPU.ActiveCfg = Release|Any CPU
		{E43B0874-4BDF-45F1-BEF7-E91B6BF52699}.Release|Any CPU.Build.0 = Release|Any CPU
		{E43B0874-4BDF-45F1-BEF7-E91B6BF52699}.Release|ARM.ActiveCfg = Release|Any CPU
		{E43B0874-4BDF-45F1-BEF7-E91B6BF52699}.Release|ARM.Build.0 = Release|Any CPU
		{E43B0874-4BDF-45F1-BEF7-E91B6BF52699}.Release|iPhone.ActiveCfg = Release|Any CPU
		{E43B0874-4BDF-45F1-BEF7-E91B6BF52699}.Release|iPhone.Build.0 = Release|Any CPU
		{E43B0874-4BDF-45F1-BEF7-E91B6BF52699}.Release|iPhoneSimulator.ActiveCfg = Release|Any CPU
		{E43B0874-4BDF-45F1-BEF7-E91B6BF52699}.Release|iPhoneSimulator.Build.0 = Release|Any CPU
		{E43B0874-4BDF-45F1-BEF7-E91B6BF52699}.Release|x64.ActiveCfg = Release|Any CPU
		{E43B0874-4BDF-45F1-BEF7-E91B6BF52699}.Release|x64.Build.0 = Release|Any CPU
		{E43B0874-4BDF-45F1-BEF7-E91B6BF52699}.Release|x86.ActiveCfg = Release|Any CPU
		{E43B0874-4BDF-45F1-BEF7-E91B6BF52699}.Release|x86.Build.0 = Release|Any CPU
		{DCC90D0E-952F-4789-86F5-CB96727DF5D5}.Ad-Hoc|Any CPU.ActiveCfg = Release|Any CPU
		{DCC90D0E-952F-4789-86F5-CB96727DF5D5}.Ad-Hoc|Any CPU.Build.0 = Release|Any CPU
		{DCC90D0E-952F-4789-86F5-CB96727DF5D5}.Ad-Hoc|ARM.ActiveCfg = Release|Any CPU
		{DCC90D0E-952F-4789-86F5-CB96727DF5D5}.Ad-Hoc|ARM.Build.0 = Release|Any CPU
		{DCC90D0E-952F-4789-86F5-CB96727DF5D5}.Ad-Hoc|iPhone.ActiveCfg = Release|Any CPU
		{DCC90D0E-952F-4789-86F5-CB96727DF5D5}.Ad-Hoc|iPhone.Build.0 = Release|Any CPU
		{DCC90D0E-952F-4789-86F5-CB96727DF5D5}.Ad-Hoc|iPhoneSimulator.ActiveCfg = Release|Any CPU
		{DCC90D0E-952F-4789-86F5-CB96727DF5D5}.Ad-Hoc|iPhoneSimulator.Build.0 = Release|Any CPU
		{DCC90D0E-952F-4789-86F5-CB96727DF5D5}.Ad-Hoc|x64.ActiveCfg = Release|Any CPU
		{DCC90D0E-952F-4789-86F5-CB96727DF5D5}.Ad-Hoc|x64.Build.0 = Release|Any CPU
		{DCC90D0E-952F-4789-86F5-CB96727DF5D5}.Ad-Hoc|x86.ActiveCfg = Release|Any CPU
		{DCC90D0E-952F-4789-86F5-CB96727DF5D5}.Ad-Hoc|x86.Build.0 = Release|Any CPU
		{DCC90D0E-952F-4789-86F5-CB96727DF5D5}.AppStore|Any CPU.ActiveCfg = Release|Any CPU
		{DCC90D0E-952F-4789-86F5-CB96727DF5D5}.AppStore|Any CPU.Build.0 = Release|Any CPU
		{DCC90D0E-952F-4789-86F5-CB96727DF5D5}.AppStore|ARM.ActiveCfg = Release|Any CPU
		{DCC90D0E-952F-4789-86F5-CB96727DF5D5}.AppStore|ARM.Build.0 = Release|Any CPU
		{DCC90D0E-952F-4789-86F5-CB96727DF5D5}.AppStore|iPhone.ActiveCfg = Release|Any CPU
		{DCC90D0E-952F-4789-86F5-CB96727DF5D5}.AppStore|iPhone.Build.0 = Release|Any CPU
		{DCC90D0E-952F-4789-86F5-CB96727DF5D5}.AppStore|iPhoneSimulator.ActiveCfg = Release|Any CPU
		{DCC90D0E-952F-4789-86F5-CB96727DF5D5}.AppStore|iPhoneSimulator.Build.0 = Release|Any CPU
		{DCC90D0E-952F-4789-86F5-CB96727DF5D5}.AppStore|x64.ActiveCfg = Release|Any CPU
		{DCC90D0E-952F-4789-86F5-CB96727DF5D5}.AppStore|x64.Build.0 = Release|Any CPU
		{DCC90D0E-952F-4789-86F5-CB96727DF5D5}.AppStore|x86.ActiveCfg = Release|Any CPU
		{DCC90D0E-952F-4789-86F5-CB96727DF5D5}.AppStore|x86.Build.0 = Release|Any CPU
		{DCC90D0E-952F-4789-86F5-CB96727DF5D5}.Debug|Any CPU.ActiveCfg = Debug|Any CPU
		{DCC90D0E-952F-4789-86F5-CB96727DF5D5}.Debug|Any CPU.Build.0 = Debug|Any CPU
		{DCC90D0E-952F-4789-86F5-CB96727DF5D5}.Debug|ARM.ActiveCfg = Debug|Any CPU
		{DCC90D0E-952F-4789-86F5-CB96727DF5D5}.Debug|ARM.Build.0 = Debug|Any CPU
		{DCC90D0E-952F-4789-86F5-CB96727DF5D5}.Debug|iPhone.ActiveCfg = Debug|Any CPU
		{DCC90D0E-952F-4789-86F5-CB96727DF5D5}.Debug|iPhone.Build.0 = Debug|Any CPU
		{DCC90D0E-952F-4789-86F5-CB96727DF5D5}.Debug|iPhoneSimulator.ActiveCfg = Debug|Any CPU
		{DCC90D0E-952F-4789-86F5-CB96727DF5D5}.Debug|iPhoneSimulator.Build.0 = Debug|Any CPU
		{DCC90D0E-952F-4789-86F5-CB96727DF5D5}.Debug|x64.ActiveCfg = Debug|Any CPU
		{DCC90D0E-952F-4789-86F5-CB96727DF5D5}.Debug|x64.Build.0 = Debug|Any CPU
		{DCC90D0E-952F-4789-86F5-CB96727DF5D5}.Debug|x86.ActiveCfg = Debug|Any CPU
		{DCC90D0E-952F-4789-86F5-CB96727DF5D5}.Debug|x86.Build.0 = Debug|Any CPU
		{DCC90D0E-952F-4789-86F5-CB96727DF5D5}.Release|Any CPU.ActiveCfg = Release|Any CPU
		{DCC90D0E-952F-4789-86F5-CB96727DF5D5}.Release|Any CPU.Build.0 = Release|Any CPU
		{DCC90D0E-952F-4789-86F5-CB96727DF5D5}.Release|ARM.ActiveCfg = Release|Any CPU
		{DCC90D0E-952F-4789-86F5-CB96727DF5D5}.Release|ARM.Build.0 = Release|Any CPU
		{DCC90D0E-952F-4789-86F5-CB96727DF5D5}.Release|iPhone.ActiveCfg = Release|Any CPU
		{DCC90D0E-952F-4789-86F5-CB96727DF5D5}.Release|iPhone.Build.0 = Release|Any CPU
		{DCC90D0E-952F-4789-86F5-CB96727DF5D5}.Release|iPhoneSimulator.ActiveCfg = Release|Any CPU
		{DCC90D0E-952F-4789-86F5-CB96727DF5D5}.Release|iPhoneSimulator.Build.0 = Release|Any CPU
		{DCC90D0E-952F-4789-86F5-CB96727DF5D5}.Release|x64.ActiveCfg = Release|Any CPU
		{DCC90D0E-952F-4789-86F5-CB96727DF5D5}.Release|x64.Build.0 = Release|Any CPU
		{DCC90D0E-952F-4789-86F5-CB96727DF5D5}.Release|x86.ActiveCfg = Release|Any CPU
		{DCC90D0E-952F-4789-86F5-CB96727DF5D5}.Release|x86.Build.0 = Release|Any CPU
		{238E65F7-302D-4AC4-BA59-173B3DE6B035}.Ad-Hoc|Any CPU.ActiveCfg = Release|Any CPU
		{238E65F7-302D-4AC4-BA59-173B3DE6B035}.Ad-Hoc|Any CPU.Build.0 = Release|Any CPU
		{238E65F7-302D-4AC4-BA59-173B3DE6B035}.Ad-Hoc|ARM.ActiveCfg = Release|Any CPU
		{238E65F7-302D-4AC4-BA59-173B3DE6B035}.Ad-Hoc|ARM.Build.0 = Release|Any CPU
		{238E65F7-302D-4AC4-BA59-173B3DE6B035}.Ad-Hoc|iPhone.ActiveCfg = Release|Any CPU
		{238E65F7-302D-4AC4-BA59-173B3DE6B035}.Ad-Hoc|iPhone.Build.0 = Release|Any CPU
		{238E65F7-302D-4AC4-BA59-173B3DE6B035}.Ad-Hoc|iPhoneSimulator.ActiveCfg = Release|Any CPU
		{238E65F7-302D-4AC4-BA59-173B3DE6B035}.Ad-Hoc|iPhoneSimulator.Build.0 = Release|Any CPU
		{238E65F7-302D-4AC4-BA59-173B3DE6B035}.Ad-Hoc|x64.ActiveCfg = Release|Any CPU
		{238E65F7-302D-4AC4-BA59-173B3DE6B035}.Ad-Hoc|x64.Build.0 = Release|Any CPU
		{238E65F7-302D-4AC4-BA59-173B3DE6B035}.Ad-Hoc|x86.ActiveCfg = Release|Any CPU
		{238E65F7-302D-4AC4-BA59-173B3DE6B035}.Ad-Hoc|x86.Build.0 = Release|Any CPU
		{238E65F7-302D-4AC4-BA59-173B3DE6B035}.AppStore|Any CPU.ActiveCfg = Release|Any CPU
		{238E65F7-302D-4AC4-BA59-173B3DE6B035}.AppStore|Any CPU.Build.0 = Release|Any CPU
		{238E65F7-302D-4AC4-BA59-173B3DE6B035}.AppStore|ARM.ActiveCfg = Release|Any CPU
		{238E65F7-302D-4AC4-BA59-173B3DE6B035}.AppStore|ARM.Build.0 = Release|Any CPU
		{238E65F7-302D-4AC4-BA59-173B3DE6B035}.AppStore|iPhone.ActiveCfg = Release|Any CPU
		{238E65F7-302D-4AC4-BA59-173B3DE6B035}.AppStore|iPhone.Build.0 = Release|Any CPU
		{238E65F7-302D-4AC4-BA59-173B3DE6B035}.AppStore|iPhoneSimulator.ActiveCfg = Release|Any CPU
		{238E65F7-302D-4AC4-BA59-173B3DE6B035}.AppStore|iPhoneSimulator.Build.0 = Release|Any CPU
		{238E65F7-302D-4AC4-BA59-173B3DE6B035}.AppStore|x64.ActiveCfg = Release|Any CPU
		{238E65F7-302D-4AC4-BA59-173B3DE6B035}.AppStore|x64.Build.0 = Release|Any CPU
		{238E65F7-302D-4AC4-BA59-173B3DE6B035}.AppStore|x86.ActiveCfg = Release|Any CPU
		{238E65F7-302D-4AC4-BA59-173B3DE6B035}.AppStore|x86.Build.0 = Release|Any CPU
		{238E65F7-302D-4AC4-BA59-173B3DE6B035}.Debug|Any CPU.ActiveCfg = Debug|Any CPU
		{238E65F7-302D-4AC4-BA59-173B3DE6B035}.Debug|Any CPU.Build.0 = Debug|Any CPU
		{238E65F7-302D-4AC4-BA59-173B3DE6B035}.Debug|ARM.ActiveCfg = Debug|Any CPU
		{238E65F7-302D-4AC4-BA59-173B3DE6B035}.Debug|ARM.Build.0 = Debug|Any CPU
		{238E65F7-302D-4AC4-BA59-173B3DE6B035}.Debug|iPhone.ActiveCfg = Debug|Any CPU
		{238E65F7-302D-4AC4-BA59-173B3DE6B035}.Debug|iPhone.Build.0 = Debug|Any CPU
		{238E65F7-302D-4AC4-BA59-173B3DE6B035}.Debug|iPhoneSimulator.ActiveCfg = Debug|Any CPU
		{238E65F7-302D-4AC4-BA59-173B3DE6B035}.Debug|iPhoneSimulator.Build.0 = Debug|Any CPU
		{238E65F7-302D-4AC4-BA59-173B3DE6B035}.Debug|x64.ActiveCfg = Debug|Any CPU
		{238E65F7-302D-4AC4-BA59-173B3DE6B035}.Debug|x64.Build.0 = Debug|Any CPU
		{238E65F7-302D-4AC4-BA59-173B3DE6B035}.Debug|x86.ActiveCfg = Debug|Any CPU
		{238E65F7-302D-4AC4-BA59-173B3DE6B035}.Debug|x86.Build.0 = Debug|Any CPU
		{238E65F7-302D-4AC4-BA59-173B3DE6B035}.Release|Any CPU.ActiveCfg = Release|Any CPU
		{238E65F7-302D-4AC4-BA59-173B3DE6B035}.Release|Any CPU.Build.0 = Release|Any CPU
		{238E65F7-302D-4AC4-BA59-173B3DE6B035}.Release|ARM.ActiveCfg = Release|Any CPU
		{238E65F7-302D-4AC4-BA59-173B3DE6B035}.Release|ARM.Build.0 = Release|Any CPU
		{238E65F7-302D-4AC4-BA59-173B3DE6B035}.Release|iPhone.ActiveCfg = Release|Any CPU
		{238E65F7-302D-4AC4-BA59-173B3DE6B035}.Release|iPhone.Build.0 = Release|Any CPU
		{238E65F7-302D-4AC4-BA59-173B3DE6B035}.Release|iPhoneSimulator.ActiveCfg = Release|Any CPU
		{238E65F7-302D-4AC4-BA59-173B3DE6B035}.Release|iPhoneSimulator.Build.0 = Release|Any CPU
		{238E65F7-302D-4AC4-BA59-173B3DE6B035}.Release|x64.ActiveCfg = Release|Any CPU
		{238E65F7-302D-4AC4-BA59-173B3DE6B035}.Release|x64.Build.0 = Release|Any CPU
		{238E65F7-302D-4AC4-BA59-173B3DE6B035}.Release|x86.ActiveCfg = Release|Any CPU
		{238E65F7-302D-4AC4-BA59-173B3DE6B035}.Release|x86.Build.0 = Release|Any CPU
	EndGlobalSection
	GlobalSection(SolutionProperties) = preSolution
		HideSolutionNode = FALSE
	EndGlobalSection
EndGlobal
